
Microsoft Visual Studio Solution File, Format Version 12.00
# Visual Studio Version 17
VisualStudioVersion = 17.8.34330.188
MinimumVisualStudioVersion = 10.0.40219.1
Project("{FAE04EC0-301F-11D3-BF4B-00C04F79EFBC}") = "KaizenCaseStudy.API", "KaizenCaseStudy.API\KaizenCaseStudy.API.csproj", "{D7F35372-5980-4683-B6BF-9A856D4AE26C}"
EndProject
Project("{FAE04EC0-301F-11D3-BF4B-00C04F79EFBC}") = "KaizenCaseStudy.BusinessLogic", "KaizenCaseStudy.BusinessLogic\KaizenCaseStudy.BusinessLogic.csproj", "{B8E5A3FE-EDC7-48A2-BA30-8E85B852307F}"
EndProject
Project("{FAE04EC0-301F-11D3-BF4B-00C04F79EFBC}") = "KaizenCaseStudy.DataAccess", "KaizenCaseStudy.DataAccess\KaizenCaseStudy.DataAccess.csproj", "{2C54B2A6-EEB7-4876-998D-72E73A196B3D}"
EndProject
Global
	GlobalSection(SolutionConfigurationPlatforms) = preSolution
		Debug|Any CPU = Debug|Any CPU
		Release|Any CPU = Release|Any CPU
	EndGlobalSection
	GlobalSection(ProjectConfigurationPlatforms) = postSolution
		{D7F35372-5980-4683-B6BF-9A856D4AE26C}.Debug|Any CPU.ActiveCfg = Debug|Any CPU
		{D7F35372-5980-4683-B6BF-9A856D4AE26C}.Debug|Any CPU.Build.0 = Debug|Any CPU
		{D7F35372-5980-4683-B6BF-9A856D4AE26C}.Release|Any CPU.ActiveCfg = Release|Any CPU
		{D7F35372-5980-4683-B6BF-9A856D4AE26C}.Release|Any CPU.Build.0 = Release|Any CPU
		{B8E5A3FE-EDC7-48A2-BA30-8E85B852307F}.Debug|Any CPU.ActiveCfg = Debug|Any CPU
		{B8E5A3FE-EDC7-48A2-BA30-8E85B852307F}.Debug|Any CPU.Build.0 = Debug|Any CPU
		{B8E5A3FE-EDC7-48A2-BA30-8E85B852307F}.Release|Any CPU.ActiveCfg = Release|Any CPU
		{B8E5A3FE-EDC7-48A2-BA30-8E85B852307F}.Release|Any CPU.Build.0 = Release|Any CPU
		{2C54B2A6-EEB7-4876-998D-72E73A196B3D}.Debug|Any CPU.ActiveCfg = Debug|Any CPU
		{2C54B2A6-EEB7-4876-998D-72E73A196B3D}.Debug|Any CPU.Build.0 = Debug|Any CPU
		{2C54B2A6-EEB7-4876-998D-72E73A196B3D}.Release|Any CPU.ActiveCfg = Release|Any CPU
		{2C54B2A6-EEB7-4876-998D-72E73A196B3D}.Release|Any CPU.Build.0 = Release|Any CPU
	EndGlobalSection
	GlobalSection(SolutionProperties) = preSolution
		HideSolutionNode = FALSE
	EndGlobalSection
	GlobalSection(ExtensibilityGlobals) = postSolution
		SolutionGuid = {C91DF62C-A2D0-4133-ABA6-D95C88FBFCE3}
	EndGlobalSection
EndGlobal
